
Microsoft Visual Studio Solution File, Format Version 12.00
# Visual Studio 15
VisualStudioVersion = 15.0.28307.779
MinimumVisualStudioVersion = 10.0.40219.1
Project("{FAE04EC0-301F-11D3-BF4B-00C04F79EFBC}") = "ChatRoom", "ChatRoom\ChatRoom.csproj", "{CC116B09-0EB2-4E98-97CC-67E690A4C934}"
EndProject
Global
	GlobalSection(SolutionConfigurationPlatforms) = preSolution
		Debug|Any CPU = Debug|Any CPU
		Release|Any CPU = Release|Any CPU
	EndGlobalSection
	GlobalSection(ProjectConfigurationPlatforms) = postSolution
		{CC116B09-0EB2-4E98-97CC-67E690A4C934}.Debug|Any CPU.ActiveCfg = Debug|Any CPU
		{CC116B09-0EB2-4E98-97CC-67E690A4C934}.Debug|Any CPU.Build.0 = Debug|Any CPU
		{CC116B09-0EB2-4E98-97CC-67E690A4C934}.Release|Any CPU.ActiveCfg = Release|Any CPU
		{CC116B09-0EB2-4E98-97CC-67E690A4C934}.Release|Any CPU.Build.0 = Release|Any CPU
	EndGlobalSection
	GlobalSection(SolutionProperties) = preSolution
		HideSolutionNode = FALSE
	EndGlobalSection
	GlobalSection(ExtensibilityGlobals) = postSolution
		SolutionGuid = {DAC8FA23-C228-49AA-AA08-11D19C526934}
	EndGlobalSection
EndGlobal
